
Microsoft Visual Studio Solution File, Format Version 12.00
# Visual Studio 2013
VisualStudioVersion = 12.0.21005.1
MinimumVisualStudioVersion = 10.0.40219.1
Project("{FAE04EC0-301F-11D3-BF4B-00C04F79EFBC}") = "ResultGUI", "ResultGUI\ResultGUI.csproj", "{6A170C51-6D1E-494D-82DB-FC0BBD8CC9BA}"
EndProject
Project("{FAE04EC0-301F-11D3-BF4B-00C04F79EFBC}") = "ResultLibrary", "..\..\..\..\Documents\Visual Studio 2013\Projects\ResultLibrary\ResultLibrary\ResultLibrary.csproj", "{8D2757ED-2BF3-4DBC-BDE5-E7411C243B21}"
EndProject
Project("{FAE04EC0-301F-11D3-BF4B-00C04F79EFBC}") = "ResultDomain", "..\..\..\..\Documents\Visual Studio 2013\Projects\ResultLibrary\ResultDomain\ResultDomain.csproj", "{FB7B7597-66C4-4E1C-9788-0524EF8A6123}"
EndProject
Global
	GlobalSection(SolutionConfigurationPlatforms) = preSolution
		Debug|Any CPU = Debug|Any CPU
		Release|Any CPU = Release|Any CPU
	EndGlobalSection
	GlobalSection(ProjectConfigurationPlatforms) = postSolution
		{6A170C51-6D1E-494D-82DB-FC0BBD8CC9BA}.Debug|Any CPU.ActiveCfg = Debug|Any CPU
		{6A170C51-6D1E-494D-82DB-FC0BBD8CC9BA}.Debug|Any CPU.Build.0 = Debug|Any CPU
		{6A170C51-6D1E-494D-82DB-FC0BBD8CC9BA}.Release|Any CPU.ActiveCfg = Release|Any CPU
		{6A170C51-6D1E-494D-82DB-FC0BBD8CC9BA}.Release|Any CPU.Build.0 = Release|Any CPU
		{8D2757ED-2BF3-4DBC-BDE5-E7411C243B21}.Debug|Any CPU.ActiveCfg = Debug|Any CPU
		{8D2757ED-2BF3-4DBC-BDE5-E7411C243B21}.Debug|Any CPU.Build.0 = Debug|Any CPU
		{8D2757ED-2BF3-4DBC-BDE5-E7411C243B21}.Release|Any CPU.ActiveCfg = Release|Any CPU
		{8D2757ED-2BF3-4DBC-BDE5-E7411C243B21}.Release|Any CPU.Build.0 = Release|Any CPU
		{FB7B7597-66C4-4E1C-9788-0524EF8A6123}.Debug|Any CPU.ActiveCfg = Debug|Any CPU
		{FB7B7597-66C4-4E1C-9788-0524EF8A6123}.Debug|Any CPU.Build.0 = Debug|Any CPU
		{FB7B7597-66C4-4E1C-9788-0524EF8A6123}.Release|Any CPU.ActiveCfg = Release|Any CPU
		{FB7B7597-66C4-4E1C-9788-0524EF8A6123}.Release|Any CPU.Build.0 = Release|Any CPU
	EndGlobalSection
	GlobalSection(SolutionProperties) = preSolution
		HideSolutionNode = FALSE
	EndGlobalSection
EndGlobal
